{
  "name": "nodejs",
  "version": "1.0.0",
  "lockfileVersion": 1,
  "requires": true,
  "dependencies": {
    "curl-headers-to-json": {
      "version": "1.0.1",
      "resolved": "https://registry.npmjs.org/curl-headers-to-json/-/curl-headers-to-json-1.0.1.tgz",
      "integrity": "sha512-PNbfCuu4UdsTmSAHwN4R0m34KzvOvDjP3mJ6XNfHzOdeTskUb/eaVV110y/SnT6h6HDA7fisCNgQvRP/vH9obQ=="
    }
  }
}
